
Microsoft Visual Studio Solution File, Format Version 12.00
# Visual Studio Version 17
VisualStudioVersion = 17.7.34202.233
MinimumVisualStudioVersion = 10.0.40219.1
Project("{FAE04EC0-301F-11D3-BF4B-00C04F79EFBC}") = "WebA", "WebA\WebA.csproj", "{AAF47943-4785-4499-A137-CF64C6309B76}"
EndProject
Global
	GlobalSection(SolutionConfigurationPlatforms) = preSolution
		Debug|Any CPU = Debug|Any CPU
		Release|Any CPU = Release|Any CPU
	EndGlobalSection
	GlobalSection(ProjectConfigurationPlatforms) = postSolution
		{AAF47943-4785-4499-A137-CF64C6309B76}.Debug|Any CPU.ActiveCfg = Debug|Any CPU
		{AAF47943-4785-4499-A137-CF64C6309B76}.Debug|Any CPU.Build.0 = Debug|Any CPU
		{AAF47943-4785-4499-A137-CF64C6309B76}.Release|Any CPU.ActiveCfg = Release|Any CPU
		{AAF47943-4785-4499-A137-CF64C6309B76}.Release|Any CPU.Build.0 = Release|Any CPU
	EndGlobalSection
	GlobalSection(SolutionProperties) = preSolution
		HideSolutionNode = FALSE
	EndGlobalSection
	GlobalSection(ExtensibilityGlobals) = postSolution
		SolutionGuid = {7F46E435-4F83-4A8D-86CE-65998AC7B101}
	EndGlobalSection
EndGlobal
